
Microsoft Visual Studio Solution File, Format Version 12.00
# Visual Studio Version 17
VisualStudioVersion = 17.1.32210.238
MinimumVisualStudioVersion = 10.0.40219.1
Project("{FAE04EC0-301F-11D3-BF4B-00C04F79EFBC}") = "mqttttt", "mqttttt.csproj", "{7B8D900F-202D-43A6-9F2C-446129D5C820}"
EndProject
Project("{FAE04EC0-301F-11D3-BF4B-00C04F79EFBC}") = "ConsoleApp3", "..\ConsoleApp3\ConsoleApp3.csproj", "{69E837E5-98B1-4DA9-B426-3F0C1F260A01}"
EndProject
Global
	GlobalSection(SolutionConfigurationPlatforms) = preSolution
		Debug|Any CPU = Debug|Any CPU
		Release|Any CPU = Release|Any CPU
	EndGlobalSection
	GlobalSection(ProjectConfigurationPlatforms) = postSolution
		{7B8D900F-202D-43A6-9F2C-446129D5C820}.Debug|Any CPU.ActiveCfg = Debug|Any CPU
		{7B8D900F-202D-43A6-9F2C-446129D5C820}.Debug|Any CPU.Build.0 = Debug|Any CPU
		{7B8D900F-202D-43A6-9F2C-446129D5C820}.Release|Any CPU.ActiveCfg = Release|Any CPU
		{7B8D900F-202D-43A6-9F2C-446129D5C820}.Release|Any CPU.Build.0 = Release|Any CPU
		{69E837E5-98B1-4DA9-B426-3F0C1F260A01}.Debug|Any CPU.ActiveCfg = Debug|Any CPU
		{69E837E5-98B1-4DA9-B426-3F0C1F260A01}.Debug|Any CPU.Build.0 = Debug|Any CPU
		{69E837E5-98B1-4DA9-B426-3F0C1F260A01}.Release|Any CPU.ActiveCfg = Release|Any CPU
		{69E837E5-98B1-4DA9-B426-3F0C1F260A01}.Release|Any CPU.Build.0 = Release|Any CPU
	EndGlobalSection
	GlobalSection(SolutionProperties) = preSolution
		HideSolutionNode = FALSE
	EndGlobalSection
	GlobalSection(ExtensibilityGlobals) = postSolution
		SolutionGuid = {FCAFF1E7-5273-476E-9489-9E0929FAB6D3}
	EndGlobalSection
EndGlobal
